// !$*UTF8*$!
{
	archiveVersion = 1;
	classes = {
	};
	objectVersion = 52;
	objects = {

/* Begin PBXBuildFile section */
		C814E27225AAE060007A7F39 /* FeedViewController.swift in Sources */ = {isa = PBXBuildFile; fileRef = C814E27125AAE060007A7F39 /* FeedViewController.swift */; };
		C814E27825AAE11D007A7F39 /* SnapKit in Frameworks */ = {isa = PBXBuildFile; productRef = C814E27725AAE11D007A7F39 /* SnapKit */; };
		C814E27B25AAE64E007A7F39 /* FeedTableViewCell.swift in Sources */ = {isa = PBXBuildFile; fileRef = C814E27A25AAE64E007A7F39 /* FeedTableViewCell.swift */; };
		C814E27F25AAE860007A7F39 /* UserType.swift in Sources */ = {isa = PBXBuildFile; fileRef = C814E27E25AAE860007A7F39 /* UserType.swift */; };
		C814E28425AAEBAE007A7F39 /* Kingfisher in Frameworks */ = {isa = PBXBuildFile; productRef = C814E28325AAEBAE007A7F39 /* Kingfisher */; };
		C84FB4BE25C53050004603C4 /* FeedViewController+UITableView.swift in Sources */ = {isa = PBXBuildFile; fileRef = C84FB4BD25C53050004603C4 /* FeedViewController+UITableView.swift */; };
		C8CD389925BBEC8700DF5411 /* UserRepository.swift in Sources */ = {isa = PBXBuildFile; fileRef = C8CD389825BBEC8700DF5411 /* UserRepository.swift */; };
		C8F75CA425AACD83002DAE21 /* AppDelegate.swift in Sources */ = {isa = PBXBuildFile; fileRef = C8F75CA325AACD83002DAE21 /* AppDelegate.swift */; };
		C8F75CAD25AACD84002DAE21 /* Assets.xcassets in Resources */ = {isa = PBXBuildFile; fileRef = C8F75CAC25AACD84002DAE21 /* Assets.xcassets */; };
		C8F75CB025AACD84002DAE21 /* LaunchScreen.storyboard in Resources */ = {isa = PBXBuildFile; fileRef = C8F75CAE25AACD84002DAE21 /* LaunchScreen.storyboard */; };
/* End PBXBuildFile section */

/* Begin PBXCopyFilesBuildPhase section */
		C84FB4CD25C533EC004603C4 /* Embed Frameworks */ = {
			isa = PBXCopyFilesBuildPhase;
			buildActionMask = 2147483647;
			dstPath = "";
			dstSubfolderSpec = 10;
			files = (
			);
			name = "Embed Frameworks";
			runOnlyForDeploymentPostprocessing = 0;
		};
/* End PBXCopyFilesBuildPhase section */

/* Begin PBXFileReference section */
		C814E27125AAE060007A7F39 /* FeedViewController.swift */ = {isa = PBXFileReference; lastKnownFileType = sourcecode.swift; path = FeedViewController.swift; sourceTree = "<group>"; };
		C814E27A25AAE64E007A7F39 /* FeedTableViewCell.swift */ = {isa = PBXFileReference; lastKnownFileType = sourcecode.swift; path = FeedTableViewCell.swift; sourceTree = "<group>"; };
		C814E27E25AAE860007A7F39 /* UserType.swift */ = {isa = PBXFileReference; lastKnownFileType = sourcecode.swift; path = UserType.swift; sourceTree = "<group>"; };
		C84FB4BD25C53050004603C4 /* FeedViewController+UITableView.swift */ = {isa = PBXFileReference; lastKnownFileType = sourcecode.swift; path = "FeedViewController+UITableView.swift"; sourceTree = "<group>"; };
		C84FB4C725C533EC004603C4 /* GiphyService.h */ = {isa = PBXFileReference; lastKnownFileType = sourcecode.c.h; path = GiphyService.h; sourceTree = "<group>"; };
		C84FB4C825C533EC004603C4 /* Info.plist */ = {isa = PBXFileReference; lastKnownFileType = text.plist.xml; path = Info.plist; sourceTree = "<group>"; };
		C8CD389825BBEC8700DF5411 /* UserRepository.swift */ = {isa = PBXFileReference; lastKnownFileType = sourcecode.swift; path = UserRepository.swift; sourceTree = "<group>"; };
		C8F75CA025AACD83002DAE21 /* FunnyGiphy.app */ = {isa = PBXFileReference; explicitFileType = wrapper.application; includeInIndex = 0; path = FunnyGiphy.app; sourceTree = BUILT_PRODUCTS_DIR; };
		C8F75CA325AACD83002DAE21 /* AppDelegate.swift */ = {isa = PBXFileReference; lastKnownFileType = sourcecode.swift; path = AppDelegate.swift; sourceTree = "<group>"; };
		C8F75CAC25AACD84002DAE21 /* Assets.xcassets */ = {isa = PBXFileReference; lastKnownFileType = folder.assetcatalog; path = Assets.xcassets; sourceTree = "<group>"; };
		C8F75CAF25AACD84002DAE21 /* Base */ = {isa = PBXFileReference; lastKnownFileType = file.storyboard; name = Base; path = Base.lproj/LaunchScreen.storyboard; sourceTree = "<group>"; };
		C8F75CB125AACD84002DAE21 /* Info.plist */ = {isa = PBXFileReference; lastKnownFileType = text.plist.xml; path = Info.plist; sourceTree = "<group>"; };
/* End PBXFileReference section */

/* Begin PBXFrameworksBuildPhase section */
		C8F75C9D25AACD83002DAE21 /* Frameworks */ = {
			isa = PBXFrameworksBuildPhase;
			buildActionMask = 2147483647;
			files = (
				C814E28425AAEBAE007A7F39 /* Kingfisher in Frameworks */,
				C814E27825AAE11D007A7F39 /* SnapKit in Frameworks */,
			);
			runOnlyForDeploymentPostprocessing = 0;
		};
/* End PBXFrameworksBuildPhase section */

/* Begin PBXGroup section */
		C814E27025AAE043007A7F39 /* ViewControllers */ = {
			isa = PBXGroup;
			children = (
				C84FB4BB25C53034004603C4 /* Feed */,
			);
			path = ViewControllers;
			sourceTree = "<group>";
		};
		C814E27D25AAE850007A7F39 /* Models */ = {
			isa = PBXGroup;
			children = (
				C814E27E25AAE860007A7F39 /* UserType.swift */,
			);
			path = Models;
			sourceTree = "<group>";
		};
		C84FB4BB25C53034004603C4 /* Feed */ = {
			isa = PBXGroup;
			children = (
				C814E27125AAE060007A7F39 /* FeedViewController.swift */,
				C84FB4BD25C53050004603C4 /* FeedViewController+UITableView.swift */,
				C814E27A25AAE64E007A7F39 /* FeedTableViewCell.swift */,
			);
			path = Feed;
			sourceTree = "<group>";
		};
		C84FB4C625C533EC004603C4 /* GiphyService */ = {
			isa = PBXGroup;
			children = (
				C84FB4C725C533EC004603C4 /* GiphyService.h */,
				C84FB4C825C533EC004603C4 /* Info.plist */,
			);
			path = GiphyService;
			sourceTree = "<group>";
		};
		C8CD389725BBEC7D00DF5411 /* Services */ = {
			isa = PBXGroup;
			children = (
				C8CD389825BBEC8700DF5411 /* UserRepository.swift */,
			);
			path = Services;
			sourceTree = "<group>";
		};
		C8F75C9725AACD83002DAE21 = {
			isa = PBXGroup;
			children = (
				C8F75CA225AACD83002DAE21 /* FunnyGiphy */,
				C84FB4C625C533EC004603C4 /* GiphyService */,
				C8F75CA125AACD83002DAE21 /* Products */,
			);
			sourceTree = "<group>";
		};
		C8F75CA125AACD83002DAE21 /* Products */ = {
			isa = PBXGroup;
			children = (
				C8F75CA025AACD83002DAE21 /* FunnyGiphy.app */,
			);
			name = Products;
			sourceTree = "<group>";
		};
		C8F75CA225AACD83002DAE21 /* FunnyGiphy */ = {
			isa = PBXGroup;
			children = (
				C8F75CB925AACFFA002DAE21 /* Sources */,
				C8F75CBB25AAD009002DAE21 /* Resources */,
				C8F75CBC25AAD01E002DAE21 /* Supporting Files */,
			);
			path = FunnyGiphy;
			sourceTree = "<group>";
		};
		C8F75CB925AACFFA002DAE21 /* Sources */ = {
			isa = PBXGroup;
			children = (
				C8CD389725BBEC7D00DF5411 /* Services */,
				C814E27D25AAE850007A7F39 /* Models */,
				C814E27025AAE043007A7F39 /* ViewControllers */,
				C8F75CA325AACD83002DAE21 /* AppDelegate.swift */,
			);
			path = Sources;
			sourceTree = "<group>";
		};
		C8F75CBB25AAD009002DAE21 /* Resources */ = {
			isa = PBXGroup;
			children = (
				C8F75CAC25AACD84002DAE21 /* Assets.xcassets */,
				C8F75CAE25AACD84002DAE21 /* LaunchScreen.storyboard */,
			);
			path = Resources;
			sourceTree = "<group>";
		};
		C8F75CBC25AAD01E002DAE21 /* Supporting Files */ = {
			isa = PBXGroup;
			children = (
				C8F75CB125AACD84002DAE21 /* Info.plist */,
			);
			path = "Supporting Files";
			sourceTree = "<group>";
		};
/* End PBXGroup section */

/* Begin PBXNativeTarget section */
		C8F75C9F25AACD83002DAE21 /* FunnyGiphy */ = {
			isa = PBXNativeTarget;
			buildConfigurationList = C8F75CB425AACD84002DAE21 /* Build configuration list for PBXNativeTarget "FunnyGiphy" */;
			buildPhases = (
				C8F75C9C25AACD83002DAE21 /* Sources */,
				C8F75C9D25AACD83002DAE21 /* Frameworks */,
				C8F75C9E25AACD83002DAE21 /* Resources */,
				C84FB4CD25C533EC004603C4 /* Embed Frameworks */,
			);
			buildRules = (
			);
			dependencies = (
			);
			name = FunnyGiphy;
			packageProductDependencies = (
				C814E27725AAE11D007A7F39 /* SnapKit */,
				C814E28325AAEBAE007A7F39 /* Kingfisher */,
			);
			productName = FunnyGiphy;
			productReference = C8F75CA025AACD83002DAE21 /* FunnyGiphy.app */;
			productType = "com.apple.product-type.application";
		};
/* End PBXNativeTarget section */

/* Begin PBXProject section */
		C8F75C9825AACD83002DAE21 /* Project object */ = {
			isa = PBXProject;
			attributes = {
				LastSwiftUpdateCheck = 1220;
				LastUpgradeCheck = 1220;
				TargetAttributes = {
					C8F75C9F25AACD83002DAE21 = {
						CreatedOnToolsVersion = 12.2;
					};
				};
			};
			buildConfigurationList = C8F75C9B25AACD83002DAE21 /* Build configuration list for PBXProject "FunnyGiphy" */;
			compatibilityVersion = "Xcode 9.3";
			developmentRegion = en;
			hasScannedForEncodings = 0;
			knownRegions = (
				en,
				Base,
			);
			mainGroup = C8F75C9725AACD83002DAE21;
			packageReferences = (
				C814E27625AAE11D007A7F39 /* XCRemoteSwiftPackageReference "SnapKit" */,
				C814E28225AAEBAE007A7F39 /* XCRemoteSwiftPackageReference "Kingfisher" */,
			);
			productRefGroup = C8F75CA125AACD83002DAE21 /* Products */;
			projectDirPath = "";
			projectRoot = "";
			targets = (
				C8F75C9F25AACD83002DAE21 /* FunnyGiphy */,
			);
		};
/* End PBXProject section */

/* Begin PBXResourcesBuildPhase section */
		C8F75C9E25AACD83002DAE21 /* Resources */ = {
			isa = PBXResourcesBuildPhase;
			buildActionMask = 2147483647;
			files = (
				C8F75CB025AACD84002DAE21 /* LaunchScreen.storyboard in Resources */,
				C8F75CAD25AACD84002DAE21 /* Assets.xcassets in Resources */,
			);
			runOnlyForDeploymentPostprocessing = 0;
		};
/* End PBXResourcesBuildPhase section */

/* Begin PBXSourcesBuildPhase section */
		C8F75C9C25AACD83002DAE21 /* Sources */ = {
			isa = PBXSourcesBuildPhase;
			buildActionMask = 2147483647;
			files = (
				C814E27F25AAE860007A7F39 /* UserType.swift in Sources */,
				C814E27225AAE060007A7F39 /* FeedViewController.swift in Sources */,
				C84FB4BE25C53050004603C4 /* FeedViewController+UITableView.swift in Sources */,
				C814E27B25AAE64E007A7F39 /* FeedTableViewCell.swift in Sources */,
				C8CD389925BBEC8700DF5411 /* UserRepository.swift in Sources */,
				C8F75CA425AACD83002DAE21 /* AppDelegate.swift in Sources */,
			);
			runOnlyForDeploymentPostprocessing = 0;
		};
/* End PBXSourcesBuildPhase section */

/* Begin PBXVariantGroup section */
		C8F75CAE25AACD84002DAE21 /* LaunchScreen.storyboard */ = {
			isa = PBXVariantGroup;
			children = (
				C8F75CAF25AACD84002DAE21 /* Base */,
			);
			name = LaunchScreen.storyboard;
			sourceTree = "<group>";
		};
/* End PBXVariantGroup section */

/* Begin XCBuildConfiguration section */
		C8F75CB225AACD84002DAE21 /* Debug */ = {
			isa = XCBuildConfiguration;
			buildSettings = {
				ALWAYS_SEARCH_USER_PATHS = NO;
				CLANG_ANALYZER_NONNULL = YES;
				CLANG_ANALYZER_NUMBER_OBJECT_CONVERSION = YES_AGGRESSIVE;
				CLANG_CXX_LANGUAGE_STANDARD = "gnu++14";
				CLANG_CXX_LIBRARY = "libc++";
				CLANG_ENABLE_MODULES = YES;
				CLANG_ENABLE_OBJC_ARC = YES;
				CLANG_ENABLE_OBJC_WEAK = YES;
				CLANG_WARN_BLOCK_CAPTURE_AUTORELEASING = YES;
				CLANG_WARN_BOOL_CONVERSION = YES;
				CLANG_WARN_COMMA = YES;
				CLANG_WARN_CONSTANT_CONVERSION = YES;
				CLANG_WARN_DEPRECATED_OBJC_IMPLEMENTATIONS = YES;
				CLANG_WARN_DIRECT_OBJC_ISA_USAGE = YES_ERROR;
				CLANG_WARN_DOCUMENTATION_COMMENTS = YES;
				CLANG_WARN_EMPTY_BODY = YES;
				CLANG_WARN_ENUM_CONVERSION = YES;
				CLANG_WARN_INFINITE_RECURSION = YES;
				CLANG_WARN_INT_CONVERSION = YES;
				CLANG_WARN_NON_LITERAL_NULL_CONVERSION = YES;
				CLANG_WARN_OBJC_IMPLICIT_RETAIN_SELF = YES;
				CLANG_WARN_OBJC_LITERAL_CONVERSION = YES;
				CLANG_WARN_OBJC_ROOT_CLASS = YES_ERROR;
				CLANG_WARN_QUOTED_INCLUDE_IN_FRAMEWORK_HEADER = YES;
				CLANG_WARN_RANGE_LOOP_ANALYSIS = YES;
				CLANG_WARN_STRICT_PROTOTYPES = YES;
				CLANG_WARN_SUSPICIOUS_MOVE = YES;
				CLANG_WARN_UNGUARDED_AVAILABILITY = YES_AGGRESSIVE;
				CLANG_WARN_UNREACHABLE_CODE = YES;
				CLANG_WARN__DUPLICATE_METHOD_MATCH = YES;
				COPY_PHASE_STRIP = NO;
				DEBUG_INFORMATION_FORMAT = dwarf;
				ENABLE_STRICT_OBJC_MSGSEND = YES;
				ENABLE_TESTABILITY = YES;
				GCC_C_LANGUAGE_STANDARD = gnu11;
				GCC_DYNAMIC_NO_PIC = NO;
				GCC_NO_COMMON_BLOCKS = YES;
				GCC_OPTIMIZATION_LEVEL = 0;
				GCC_PREPROCESSOR_DEFINITIONS = (
					"DEBUG=1",
					"$(inherited)",
				);
				GCC_WARN_64_TO_32_BIT_CONVERSION = YES;
				GCC_WARN_ABOUT_RETURN_TYPE = YES_ERROR;
				GCC_WARN_UNDECLARED_SELECTOR = YES;
				GCC_WARN_UNINITIALIZED_AUTOS = YES_AGGRESSIVE;
				GCC_WARN_UNUSED_FUNCTION = YES;
				GCC_WARN_UNUSED_VARIABLE = YES;
				IPHONEOS_DEPLOYMENT_TARGET = 14.2;
				MTL_ENABLE_DEBUG_INFO = INCLUDE_SOURCE;
				MTL_FAST_MATH = YES;
				ONLY_ACTIVE_ARCH = YES;
				SDKROOT = iphoneos;
				SWIFT_ACTIVE_COMPILATION_CONDITIONS = DEBUG;
				SWIFT_OPTIMIZATION_LEVEL = "-Onone";
			};
			name = Debug;
		};
		C8F75CB325AACD84002DAE21 /* Release */ = {
			isa = XCBuildConfiguration;
			buildSettings = {
				ALWAYS_SEARCH_USER_PATHS = NO;
				CLANG_ANALYZER_NONNULL = YES;
				CLANG_ANALYZER_NUMBER_OBJECT_CONVERSION = YES_AGGRESSIVE;
				CLANG_CXX_LANGUAGE_STANDARD = "gnu++14";
				CLANG_CXX_LIBRARY = "libc++";
				CLANG_ENABLE_MODULES = YES;
				CLANG_ENABLE_OBJC_ARC = YES;
				CLANG_ENABLE_OBJC_WEAK = YES;
				CLANG_WARN_BLOCK_CAPTURE_AUTORELEASING = YES;
				CLANG_WARN_BOOL_CONVERSION = YES;
				CLANG_WARN_COMMA = YES;
				CLANG_WARN_CONSTANT_CONVERSION = YES;
				CLANG_WARN_DEPRECATED_OBJC_IMPLEMENTATIONS = YES;
				CLANG_WARN_DIRECT_OBJC_ISA_USAGE = YES_ERROR;
				CLANG_WARN_DOCUMENTATION_COMMENTS = YES;
				CLANG_WARN_EMPTY_BODY = YES;
				CLANG_WARN_ENUM_CONVERSION = YES;
				CLANG_WARN_INFINITE_RECURSION = YES;
				CLANG_WARN_INT_CONVERSION = YES;
				CLANG_WARN_NON_LITERAL_NULL_CONVERSION = YES;
				CLANG_WARN_OBJC_IMPLICIT_RETAIN_SELF = YES;
				CLANG_WARN_OBJC_LITERAL_CONVERSION = YES;
				CLANG_WARN_OBJC_ROOT_CLASS = YES_ERROR;
				CLANG_WARN_QUOTED_INCLUDE_IN_FRAMEWORK_HEADER = YES;
				CLANG_WARN_RANGE_LOOP_ANALYSIS = YES;
				CLANG_WARN_STRICT_PROTOTYPES = YES;
				CLANG_WARN_SUSPICIOUS_MOVE = YES;
				CLANG_WARN_UNGUARDED_AVAILABILITY = YES_AGGRESSIVE;
				CLANG_WARN_UNREACHABLE_CODE = YES;
				CLANG_WARN__DUPLICATE_METHOD_MATCH = YES;
				COPY_PHASE_STRIP = NO;
				DEBUG_INFORMATION_FORMAT = "dwarf-with-dsym";
				ENABLE_NS_ASSERTIONS = NO;
				ENABLE_STRICT_OBJC_MSGSEND = YES;
				GCC_C_LANGUAGE_STANDARD = gnu11;
				GCC_NO_COMMON_BLOCKS = YES;
				GCC_WARN_64_TO_32_BIT_CONVERSION = YES;
				GCC_WARN_ABOUT_RETURN_TYPE = YES_ERROR;
				GCC_WARN_UNDECLARED_SELECTOR = YES;
				GCC_WARN_UNINITIALIZED_AUTOS = YES_AGGRESSIVE;
				GCC_WARN_UNUSED_FUNCTION = YES;
				GCC_WARN_UNUSED_VARIABLE = YES;
				IPHONEOS_DEPLOYMENT_TARGET = 14.2;
				MTL_ENABLE_DEBUG_INFO = NO;
				MTL_FAST_MATH = YES;
				SDKROOT = iphoneos;
				SWIFT_COMPILATION_MODE = wholemodule;
				SWIFT_OPTIMIZATION_LEVEL = "-O";
				VALIDATE_PRODUCT = YES;
			};
			name = Release;
		};
		C8F75CB525AACD84002DAE21 /* Debug */ = {
			isa = XCBuildConfiguration;
			buildSettings = {
				ASSETCATALOG_COMPILER_APPICON_NAME = AppIcon;
				ASSETCATALOG_COMPILER_GLOBAL_ACCENT_COLOR_NAME = AccentColor;
				CODE_SIGN_STYLE = Automatic;
				INFOPLIST_FILE = "FunnyGiphy/Supporting Files/Info.plist";
				IPHONEOS_DEPLOYMENT_TARGET = 13.0;
				LD_RUNPATH_SEARCH_PATHS = (
					"$(inherited)",
					"@executable_path/Frameworks",
				);
				MARKETING_VERSION = 0.1;
				PRODUCT_BUNDLE_IDENTIFIER = com.wonury.FunnyGiphy;
				PRODUCT_NAME = "$(TARGET_NAME)";
				SWIFT_VERSION = 5.0;
				TARGETED_DEVICE_FAMILY = 1;
			};
			name = Debug;
		};
		C8F75CB625AACD84002DAE21 /* Release */ = {
			isa = XCBuildConfiguration;
			buildSettings = {
				ASSETCATALOG_COMPILER_APPICON_NAME = AppIcon;
				ASSETCATALOG_COMPILER_GLOBAL_ACCENT_COLOR_NAME = AccentColor;
				CODE_SIGN_STYLE = Automatic;
				INFOPLIST_FILE = "FunnyGiphy/Supporting Files/Info.plist";
				IPHONEOS_DEPLOYMENT_TARGET = 13.0;
				LD_RUNPATH_SEARCH_PATHS = (
					"$(inherited)",
					"@executable_path/Frameworks",
				);
				MARKETING_VERSION = 0.1;
				PRODUCT_BUNDLE_IDENTIFIER = com.wonury.FunnyGiphy;
				PRODUCT_NAME = "$(TARGET_NAME)";
				SWIFT_VERSION = 5.0;
				TARGETED_DEVICE_FAMILY = 1;
			};
			name = Release;
		};
/* End XCBuildConfiguration section */

/* Begin XCConfigurationList section */
		C8F75C9B25AACD83002DAE21 /* Build configuration list for PBXProject "FunnyGiphy" */ = {
			isa = XCConfigurationList;
			buildConfigurations = (
				C8F75CB225AACD84002DAE21 /* Debug */,
				C8F75CB325AACD84002DAE21 /* Release */,
			);
			defaultConfigurationIsVisible = 0;
			defaultConfigurationName = Release;
		};
		C8F75CB425AACD84002DAE21 /* Build configuration list for PBXNativeTarget "FunnyGiphy" */ = {
			isa = XCConfigurationList;
			buildConfigurations = (
				C8F75CB525AACD84002DAE21 /* Debug */,
				C8F75CB625AACD84002DAE21 /* Release */,
			);
			defaultConfigurationIsVisible = 0;
			defaultConfigurationName = Release;
		};
/* End XCConfigurationList section */

/* Begin XCRemoteSwiftPackageReference section */
		C814E27625AAE11D007A7F39 /* XCRemoteSwiftPackageReference "SnapKit" */ = {
			isa = XCRemoteSwiftPackageReference;
			repositoryURL = "https://github.com/SnapKit/SnapKit.git";
			requirement = {
				kind = upToNextMajorVersion;
				minimumVersion = 5.0.1;
			};
		};
		C814E28225AAEBAE007A7F39 /* XCRemoteSwiftPackageReference "Kingfisher" */ = {
			isa = XCRemoteSwiftPackageReference;
			repositoryURL = "https://github.com/onevcat/Kingfisher.git";
			requirement = {
				kind = upToNextMajorVersion;
				minimumVersion = 6.0.1;
			};
		};
/* End XCRemoteSwiftPackageReference section */

/* Begin XCSwiftPackageProductDependency section */
		C814E27725AAE11D007A7F39 /* SnapKit */ = {
			isa = XCSwiftPackageProductDependency;
			package = C814E27625AAE11D007A7F39 /* XCRemoteSwiftPackageReference "SnapKit" */;
			productName = SnapKit;
		};
		C814E28325AAEBAE007A7F39 /* Kingfisher */ = {
			isa = XCSwiftPackageProductDependency;
			package = C814E28225AAEBAE007A7F39 /* XCRemoteSwiftPackageReference "Kingfisher" */;
			productName = Kingfisher;
		};
/* End XCSwiftPackageProductDependency section */
	};
	rootObject = C8F75C9825AACD83002DAE21 /* Project object */;
}
